{
  "name": "zoho-inventory-cli",
  "version": "0.1.0",
  "lockfileVersion": 3,
  "requires": true,
  "packages": {
    "": {
      "name": "zoho-inventory-cli",
      "version": "0.1.0",
      "license": "MIT",
      "bin": {
        "zoho-inventory-cli": "bin/zoho-inventory-cli.mjs"
      },
      "engines": {
        "node": ">=20"
      }
    }
  }
}
